# This file is automatically @generated by Cargo.
# It is not intended for manual editing.
version = 4

[[package]]
name = "calc-compiler"
version = "0.1.0"
dependencies = [
 "calc-ir",
 "calc-syntax",
]

[[package]]
name = "calc-ir"
version = "0.1.0"

[[package]]
name = "calc-lsp"
version = "0.1.0"
dependencies = [
 "calc-syntax",
]

[[package]]
name = "calc-syntax"
version = "0.1.0"
